
Microsoft Visual Studio Solution File, Format Version 12.00
# Visual Studio Version 17
VisualStudioVersion = 17.0.31612.314
MinimumVisualStudioVersion = 10.0.40219.1
Project("{FAE04EC0-301F-11D3-BF4B-00C04F79EFBC}") = "RayTracerTests", "RayTracerTests\RayTracerTests.csproj", "{6D6D8B4A-0C10-4FE6-8B5A-9ACB9CC2C6FB}"
EndProject
Project("{FAE04EC0-301F-11D3-BF4B-00C04F79EFBC}") = "RayTracer", "RayTracer\RayTracer.csproj", "{7DBA8851-E3A5-41ED-B9B3-DC08104C6F12}"
EndProject
Global
	GlobalSection(SolutionConfigurationPlatforms) = preSolution
		Debug|Any CPU = Debug|Any CPU
		Release|Any CPU = Release|Any CPU
	EndGlobalSection
	GlobalSection(ProjectConfigurationPlatforms) = postSolution
		{6D6D8B4A-0C10-4FE6-8B5A-9ACB9CC2C6FB}.Debug|Any CPU.ActiveCfg = Debug|Any CPU
		{6D6D8B4A-0C10-4FE6-8B5A-9ACB9CC2C6FB}.Debug|Any CPU.Build.0 = Debug|Any CPU
		{6D6D8B4A-0C10-4FE6-8B5A-9ACB9CC2C6FB}.Release|Any CPU.ActiveCfg = Release|Any CPU
		{6D6D8B4A-0C10-4FE6-8B5A-9ACB9CC2C6FB}.Release|Any CPU.Build.0 = Release|Any CPU
		{7DBA8851-E3A5-41ED-B9B3-DC08104C6F12}.Debug|Any CPU.ActiveCfg = Debug|Any CPU
		{7DBA8851-E3A5-41ED-B9B3-DC08104C6F12}.Debug|Any CPU.Build.0 = Debug|Any CPU
		{7DBA8851-E3A5-41ED-B9B3-DC08104C6F12}.Release|Any CPU.ActiveCfg = Release|Any CPU
		{7DBA8851-E3A5-41ED-B9B3-DC08104C6F12}.Release|Any CPU.Build.0 = Release|Any CPU
	EndGlobalSection
	GlobalSection(SolutionProperties) = preSolution
		HideSolutionNode = FALSE
	EndGlobalSection
	GlobalSection(ExtensibilityGlobals) = postSolution
		SolutionGuid = {5C930539-535B-4F9F-A4B7-0CE9D0A84DF6}
	EndGlobalSection
EndGlobal
